// !$*UTF8*$!
{
	archiveVersion = 1;
	classes = {
	};
	objectVersion = 56;
	objects = {

/* Begin PBXBuildFile section */
		1A05C4422D9A06060022B6D2 /* DiscoverView.swift in Sources */ = {isa = PBXBuildFile; fileRef = 1A05C4412D9A06060022B6D2 /* DiscoverView.swift */; };
		1A05C4442D9A06180022B6D2 /* ConservationDetailViews.swift in Sources */ = {isa = PBXBuildFile; fileRef = 1A05C4432D9A06180022B6D2 /* ConservationDetailViews.swift */; };
		3A1234561234567800000001 /* ManulManorApp.swift in Sources */ = {isa = PBXBuildFile; fileRef = 3A1234561234567800000011 /* ManulManorApp.swift */; };
		3A1234561234567800000002 /* ContentView.swift in Sources */ = {isa = PBXBuildFile; fileRef = 3A1234561234567800000012 /* ContentView.swift */; };
		3A1234561234567800000003 /* Assets.xcassets in Resources */ = {isa = PBXBuildFile; fileRef = 3A1234561234567800000013 /* Assets.xcassets */; };
		3A1234561234567800000004 /* Preview Assets.xcassets in Resources */ = {isa = PBXBuildFile; fileRef = 3A1234561234567800000014 /* Preview Assets.xcassets */; };
		3A1234561234567800000005 /* Manul.swift in Sources */ = {isa = PBXBuildFile; fileRef = 3A1234561234567800000021 /* Manul.swift */; };
		3A1234561234567800000006 /* Item.swift in Sources */ = {isa = PBXBuildFile; fileRef = 3A1234561234567800000022 /* Item.swift */; };
		3A1234561234567800000007 /* Quiz.swift in Sources */ = {isa = PBXBuildFile; fileRef = 3A1234561234567800000023 /* Quiz.swift */; };
		3A1234561234567800000008 /* ManulViewModel.swift in Sources */ = {isa = PBXBuildFile; fileRef = 3A1234561234567800000031 /* ManulViewModel.swift */; };
		3A1234561234567800000009 /* HomeView.swift in Sources */ = {isa = PBXBuildFile; fileRef = 3A1234561234567800000041 /* HomeView.swift */; };
		3A1234561234567800000010 /* InventoryView.swift in Sources */ = {isa = PBXBuildFile; fileRef = 3A1234561234567800000042 /* InventoryView.swift */; };
		3A1234561234567800000020 /* QuizView.swift in Sources */ = {isa = PBXBuildFile; fileRef = 3A1234561234567800000043 /* QuizView.swift */; };
		3A1234561234567800000030 /* ShopView.swift in Sources */ = {isa = PBXBuildFile; fileRef = 3A1234561234567800000044 /* ShopView.swift */; };
		3A1234561234567800000040 /* SettingsView.swift in Sources */ = {isa = PBXBuildFile; fileRef = 3A1234561234567800000045 /* SettingsView.swift */; };
		3A1234561234567800000050 /* OnboardingView.swift in Sources */ = {isa = PBXBuildFile; fileRef = 3A1234561234567800000046 /* OnboardingView.swift */; };
/* End PBXBuildFile section */

/* Begin PBXFileReference section */
		1A05C4412D9A06060022B6D2 /* DiscoverView.swift */ = {isa = PBXFileReference; lastKnownFileType = sourcecode.swift; path = DiscoverView.swift; sourceTree = "<group>"; };
		1A05C4432D9A06180022B6D2 /* ConservationDetailViews.swift */ = {isa = PBXFileReference; lastKnownFileType = sourcecode.swift; path = ConservationDetailViews.swift; sourceTree = "<group>"; };
		3A1234561234567800000000 /* ManulManor.app */ = {isa = PBXFileReference; explicitFileType = wrapper.application; includeInIndex = 0; path = ManulManor.app; sourceTree = BUILT_PRODUCTS_DIR; };
		3A1234561234567800000011 /* ManulManorApp.swift */ = {isa = PBXFileReference; lastKnownFileType = sourcecode.swift; path = ManulManorApp.swift; sourceTree = "<group>"; };
		3A1234561234567800000012 /* ContentView.swift */ = {isa = PBXFileReference; lastKnownFileType = sourcecode.swift; path = ContentView.swift; sourceTree = "<group>"; };
		3A1234561234567800000013 /* Assets.xcassets */ = {isa = PBXFileReference; lastKnownFileType = folder.assetcatalog; path = Assets.xcassets; sourceTree = "<group>"; };
		3A1234561234567800000014 /* Preview Assets.xcassets */ = {isa = PBXFileReference; lastKnownFileType = folder.assetcatalog; path = "Preview Assets.xcassets"; sourceTree = "<group>"; };
		3A1234561234567800000021 /* Manul.swift */ = {isa = PBXFileReference; lastKnownFileType = sourcecode.swift; path = Manul.swift; sourceTree = "<group>"; };
		3A1234561234567800000022 /* Item.swift */ = {isa = PBXFileReference; lastKnownFileType = sourcecode.swift; path = Item.swift; sourceTree = "<group>"; };
		3A1234561234567800000023 /* Quiz.swift */ = {isa = PBXFileReference; lastKnownFileType = sourcecode.swift; path = Quiz.swift; sourceTree = "<group>"; };
		3A1234561234567800000031 /* ManulViewModel.swift */ = {isa = PBXFileReference; lastKnownFileType = sourcecode.swift; path = ManulViewModel.swift; sourceTree = "<group>"; };
		3A1234561234567800000041 /* HomeView.swift */ = {isa = PBXFileReference; lastKnownFileType = sourcecode.swift; path = HomeView.swift; sourceTree = "<group>"; };
		3A1234561234567800000042 /* InventoryView.swift */ = {isa = PBXFileReference; lastKnownFileType = sourcecode.swift; path = InventoryView.swift; sourceTree = "<group>"; };
		3A1234561234567800000043 /* QuizView.swift */ = {isa = PBXFileReference; lastKnownFileType = sourcecode.swift; path = QuizView.swift; sourceTree = "<group>"; };
		3A1234561234567800000044 /* ShopView.swift */ = {isa = PBXFileReference; lastKnownFileType = sourcecode.swift; path = ShopView.swift; sourceTree = "<group>"; };
		3A1234561234567800000045 /* SettingsView.swift */ = {isa = PBXFileReference; lastKnownFileType = sourcecode.swift; path = SettingsView.swift; sourceTree = "<group>"; };
		3A1234561234567800000046 /* OnboardingView.swift */ = {isa = PBXFileReference; lastKnownFileType = sourcecode.swift; path = OnboardingView.swift; sourceTree = "<group>"; };
		3A1234561234567800000047 /* README.md */ = {isa = PBXFileReference; lastKnownFileType = net.daringfireball.markdown; path = README.md; sourceTree = "<group>"; };
/* End PBXFileReference section */

/* Begin PBXFrameworksBuildPhase section */
		3A1234561234567800000101 /* Frameworks */ = {
			isa = PBXFrameworksBuildPhase;
			buildActionMask = 2147483647;
			files = (
			);
			runOnlyForDeploymentPostprocessing = 0;
		};
/* End PBXFrameworksBuildPhase section */

/* Begin PBXGroup section */
		3A1234561234567800000201 = {
			isa = PBXGroup;
			children = (
				3A1234561234567800000047 /* README.md */,
				3A1234561234567800000202 /* ManulManor */,
				3A1234561234567800000203 /* Products */,
			);
			sourceTree = "<group>";
		};
		3A1234561234567800000202 /* ManulManor */ = {
			isa = PBXGroup;
			children = (
				3A1234561234567800000011 /* ManulManorApp.swift */,
				3A1234561234567800000012 /* ContentView.swift */,
				3A1234561234567800000204 /* Models */,
				3A1234561234567800000205 /* ViewModels */,
				3A1234561234567800000206 /* Views */,
				3A1234561234567800000207 /* Utilities */,
				3A1234561234567800000208 /* Assets */,
				3A1234561234567800000209 /* Preview Content */,
			);
			path = ManulManor;
			sourceTree = "<group>";
		};
		3A1234561234567800000203 /* Products */ = {
			isa = PBXGroup;
			children = (
				3A1234561234567800000000 /* ManulManor.app */,
			);
			name = Products;
			sourceTree = "<group>";
		};
		3A1234561234567800000204 /* Models */ = {
			isa = PBXGroup;
			children = (
				3A1234561234567800000021 /* Manul.swift */,
				3A1234561234567800000022 /* Item.swift */,
				3A1234561234567800000023 /* Quiz.swift */,
			);
			path = Models;
			sourceTree = "<group>";
		};
		3A1234561234567800000205 /* ViewModels */ = {
			isa = PBXGroup;
			children = (
				3A1234561234567800000031 /* ManulViewModel.swift */,
			);
			path = ViewModels;
			sourceTree = "<group>";
		};
		3A1234561234567800000206 /* Views */ = {
			isa = PBXGroup;
			children = (
				1A05C4432D9A06180022B6D2 /* ConservationDetailViews.swift */,
				1A05C4412D9A06060022B6D2 /* DiscoverView.swift */,
				3A1234561234567800000041 /* HomeView.swift */,
				3A1234561234567800000042 /* InventoryView.swift */,
				3A1234561234567800000043 /* QuizView.swift */,
				3A1234561234567800000044 /* ShopView.swift */,
				3A1234561234567800000045 /* SettingsView.swift */,
				3A1234561234567800000046 /* OnboardingView.swift */,
			);
			path = Views;
			sourceTree = "<group>";
		};
		3A1234561234567800000207 /* Utilities */ = {
			isa = PBXGroup;
			children = (
			);
			path = Utilities;
			sourceTree = "<group>";
		};
		3A1234561234567800000208 /* Assets */ = {
			isa = PBXGroup;
			children = (
				3A1234561234567800000013 /* Assets.xcassets */,
			);
			path = Assets;
			sourceTree = "<group>";
		};
		3A1234561234567800000209 /* Preview Content */ = {
			isa = PBXGroup;
			children = (
				3A1234561234567800000014 /* Preview Assets.xcassets */,
			);
			path = "Preview Content";
			sourceTree = "<group>";
		};
/* End PBXGroup section */

/* Begin PBXNativeTarget section */
		3A1234561234567800000301 /* ManulManor */ = {
			isa = PBXNativeTarget;
			buildConfigurationList = 3A1234561234567800000302 /* Build configuration list for PBXNativeTarget "ManulManor" */;
			buildPhases = (
				3A1234561234567800000303 /* Sources */,
				3A1234561234567800000101 /* Frameworks */,
				3A1234561234567800000304 /* Resources */,
			);
			buildRules = (
			);
			dependencies = (
			);
			name = ManulManor;
			productName = ManulManor;
			productReference = 3A1234561234567800000000 /* ManulManor.app */;
			productType = "com.apple.product-type.application";
		};
/* End PBXNativeTarget section */

/* Begin PBXProject section */
		3A1234561234567800000401 /* Project object */ = {
			isa = PBXProject;
			attributes = {
				BuildIndependentTargetsInParallel = 1;
				LastSwiftUpdateCheck = 1500;
				LastUpgradeCheck = 1500;
				TargetAttributes = {
					3A1234561234567800000301 = {
						CreatedOnToolsVersion = 15.0;
					};
				};
			};
			buildConfigurationList = 3A1234561234567800000402 /* Build configuration list for PBXProject "ManulManor" */;
			compatibilityVersion = "Xcode 14.0";
			developmentRegion = en;
			hasScannedForEncodings = 0;
			knownRegions = (
				en,
				Base,
			);
			mainGroup = 3A1234561234567800000201;
			productRefGroup = 3A1234561234567800000203 /* Products */;
			projectDirPath = "";
			projectRoot = "";
			targets = (
				3A1234561234567800000301 /* ManulManor */,
			);
		};
/* End PBXProject section */

/* Begin PBXResourcesBuildPhase section */
		3A1234561234567800000304 /* Resources */ = {
			isa = PBXResourcesBuildPhase;
			buildActionMask = 2147483647;
			files = (
				3A1234561234567800000004 /* Preview Assets.xcassets in Resources */,
				3A1234561234567800000003 /* Assets.xcassets in Resources */,
			);
			runOnlyForDeploymentPostprocessing = 0;
		};
/* End PBXResourcesBuildPhase section */

/* Begin PBXSourcesBuildPhase section */
		3A1234561234567800000303 /* Sources */ = {
			isa = PBXSourcesBuildPhase;
			buildActionMask = 2147483647;
			files = (
				1A05C4442D9A06180022B6D2 /* ConservationDetailViews.swift in Sources */,
				1A05C4422D9A06060022B6D2 /* DiscoverView.swift in Sources */,
				3A1234561234567800000002 /* ContentView.swift in Sources */,
				3A1234561234567800000001 /* ManulManorApp.swift in Sources */,
				3A1234561234567800000005 /* Manul.swift in Sources */,
				3A1234561234567800000006 /* Item.swift in Sources */,
				3A1234561234567800000007 /* Quiz.swift in Sources */,
				3A1234561234567800000008 /* ManulViewModel.swift in Sources */,
				3A1234561234567800000009 /* HomeView.swift in Sources */,
				3A1234561234567800000010 /* InventoryView.swift in Sources */,
				3A1234561234567800000020 /* QuizView.swift in Sources */,
				3A1234561234567800000030 /* ShopView.swift in Sources */,
				3A1234561234567800000040 /* SettingsView.swift in Sources */,
				3A1234561234567800000050 /* OnboardingView.swift in Sources */,
			);
			runOnlyForDeploymentPostprocessing = 0;
		};
/* End PBXSourcesBuildPhase section */

/* Begin XCBuildConfiguration section */
		3A1234561234567800000601 /* Debug */ = {
			isa = XCBuildConfiguration;
			buildSettings = {
				ALWAYS_SEARCH_USER_PATHS = NO;
				ASSETCATALOG_COMPILER_GENERATE_SWIFT_ASSET_SYMBOL_EXTENSIONS = YES;
				CLANG_ANALYZER_NONNULL = YES;
				CLANG_ANALYZER_NUMBER_OBJECT_CONVERSION = YES_AGGRESSIVE;
				CLANG_CXX_LANGUAGE_STANDARD = "gnu++20";
				CLANG_ENABLE_MODULES = YES;
				CLANG_ENABLE_OBJC_ARC = YES;
				CLANG_ENABLE_OBJC_WEAK = YES;
				CLANG_WARN_BLOCK_CAPTURE_AUTORELEASING = YES;
				CLANG_WARN_BOOL_CONVERSION = YES;
				CLANG_WARN_COMMA = YES;
				CLANG_WARN_CONSTANT_CONVERSION = YES;
				CLANG_WARN_DEPRECATED_OBJC_IMPLEMENTATIONS = YES;
				CLANG_WARN_DIRECT_OBJC_ISA_USAGE = YES_ERROR;
				CLANG_WARN_DOCUMENTATION_COMMENTS = YES;
				CLANG_WARN_EMPTY_BODY = YES;
				CLANG_WARN_ENUM_CONVERSION = YES;
				CLANG_WARN_INFINITE_RECURSION = YES;
				CLANG_WARN_INT_CONVERSION = YES;
				CLANG_WARN_NON_LITERAL_NULL_CONVERSION = YES;
				CLANG_WARN_OBJC_IMPLICIT_RETAIN_SELF = YES;
				CLANG_WARN_OBJC_LITERAL_CONVERSION = YES;
				CLANG_WARN_OBJC_ROOT_CLASS = YES_ERROR;
				CLANG_WARN_QUOTED_INCLUDE_IN_FRAMEWORK_HEADER = YES;
				CLANG_WARN_RANGE_LOOP_ANALYSIS = YES;
				CLANG_WARN_STRICT_PROTOTYPES = YES;
				CLANG_WARN_SUSPICIOUS_MOVE = YES;
				CLANG_WARN_UNGUARDED_AVAILABILITY = YES_AGGRESSIVE;
				CLANG_WARN_UNREACHABLE_CODE = YES;
				CLANG_WARN__DUPLICATE_METHOD_MATCH = YES;
				COPY_PHASE_STRIP = NO;
				DEBUG_INFORMATION_FORMAT = dwarf;
				ENABLE_STRICT_OBJC_MSGSEND = YES;
				ENABLE_TESTABILITY = YES;
				ENABLE_USER_SCRIPT_SANDBOXING = YES;
				GCC_C_LANGUAGE_STANDARD = gnu17;
				GCC_DYNAMIC_NO_PIC = NO;
				GCC_NO_COMMON_BLOCKS = YES;
				GCC_OPTIMIZATION_LEVEL = 0;
				GCC_PREPROCESSOR_DEFINITIONS = (
					"DEBUG=1",
					"$(inherited)",
				);
				GCC_WARN_64_TO_32_BIT_CONVERSION = YES;
				GCC_WARN_ABOUT_RETURN_TYPE = YES_ERROR;
				GCC_WARN_UNDECLARED_SELECTOR = YES;
				GCC_WARN_UNINITIALIZED_AUTOS = YES_AGGRESSIVE;
				GCC_WARN_UNUSED_FUNCTION = YES;
				GCC_WARN_UNUSED_VARIABLE = YES;
				IPHONEOS_DEPLOYMENT_TARGET = 15.0;
				LOCALIZATION_PREFERS_STRING_CATALOGS = YES;
				MTL_ENABLE_DEBUG_INFO = INCLUDE_SOURCE;
				MTL_FAST_MATH = YES;
				ONLY_ACTIVE_ARCH = YES;
				SDKROOT = iphoneos;
				SWIFT_ACTIVE_COMPILATION_CONDITIONS = "DEBUG $(inherited)";
				SWIFT_OPTIMIZATION_LEVEL = "-Onone";
			};
			name = Debug;
		};
		3A1234561234567800000602 /* Release */ = {
			isa = XCBuildConfiguration;
			buildSettings = {
				ALWAYS_SEARCH_USER_PATHS = NO;
				ASSETCATALOG_COMPILER_GENERATE_SWIFT_ASSET_SYMBOL_EXTENSIONS = YES;
				CLANG_ANALYZER_NONNULL = YES;
				CLANG_ANALYZER_NUMBER_OBJECT_CONVERSION = YES_AGGRESSIVE;
				CLANG_CXX_LANGUAGE_STANDARD = "gnu++20";
				CLANG_ENABLE_MODULES = YES;
				CLANG_ENABLE_OBJC_ARC = YES;
				CLANG_ENABLE_OBJC_WEAK = YES;
				CLANG_WARN_BLOCK_CAPTURE_AUTORELEASING = YES;
				CLANG_WARN_BOOL_CONVERSION = YES;
				CLANG_WARN_COMMA = YES;
				CLANG_WARN_CONSTANT_CONVERSION = YES;
				CLANG_WARN_DEPRECATED_OBJC_IMPLEMENTATIONS = YES;
				CLANG_WARN_DIRECT_OBJC_ISA_USAGE = YES_ERROR;
				CLANG_WARN_DOCUMENTATION_COMMENTS = YES;
				CLANG_WARN_EMPTY_BODY = YES;
				CLANG_WARN_ENUM_CONVERSION = YES;
				CLANG_WARN_INFINITE_RECURSION = YES;
				CLANG_WARN_INT_CONVERSION = YES;
				CLANG_WARN_NON_LITERAL_NULL_CONVERSION = YES;
				CLANG_WARN_OBJC_IMPLICIT_RETAIN_SELF = YES;
				CLANG_WARN_OBJC_LITERAL_CONVERSION = YES;
				CLANG_WARN_OBJC_ROOT_CLASS = YES_ERROR;
				CLANG_WARN_QUOTED_INCLUDE_IN_FRAMEWORK_HEADER = YES;
				CLANG_WARN_RANGE_LOOP_ANALYSIS = YES;
				CLANG_WARN_STRICT_PROTOTYPES = YES;
				CLANG_WARN_SUSPICIOUS_MOVE = YES;
				CLANG_WARN_UNGUARDED_AVAILABILITY = YES_AGGRESSIVE;
				CLANG_WARN_UNREACHABLE_CODE = YES;
				CLANG_WARN__DUPLICATE_METHOD_MATCH = YES;
				COPY_PHASE_STRIP = NO;
				DEBUG_INFORMATION_FORMAT = "dwarf-with-dsym";
				ENABLE_NS_ASSERTIONS = NO;
				ENABLE_STRICT_OBJC_MSGSEND = YES;
				ENABLE_USER_SCRIPT_SANDBOXING = YES;
				GCC_C_LANGUAGE_STANDARD = gnu17;
				GCC_NO_COMMON_BLOCKS = YES;
				GCC_WARN_64_TO_32_BIT_CONVERSION = YES;
				GCC_WARN_ABOUT_RETURN_TYPE = YES_ERROR;
				GCC_WARN_UNDECLARED_SELECTOR = YES;
				GCC_WARN_UNINITIALIZED_AUTOS = YES_AGGRESSIVE;
				GCC_WARN_UNUSED_FUNCTION = YES;
				GCC_WARN_UNUSED_VARIABLE = YES;
				IPHONEOS_DEPLOYMENT_TARGET = 15.0;
				LOCALIZATION_PREFERS_STRING_CATALOGS = YES;
				MTL_ENABLE_DEBUG_INFO = NO;
				MTL_FAST_MATH = YES;
				SDKROOT = iphoneos;
				SWIFT_COMPILATION_MODE = wholemodule;
				VALIDATE_PRODUCT = YES;
			};
			name = Release;
		};
		3A1234561234567800000603 /* Debug */ = {
			isa = XCBuildConfiguration;
			buildSettings = {
				ASSETCATALOG_COMPILER_APPICON_NAME = AppIcon;
				ASSETCATALOG_COMPILER_GLOBAL_ACCENT_COLOR_NAME = AccentColor;
				CODE_SIGN_STYLE = Automatic;
				CURRENT_PROJECT_VERSION = 1;
				DEVELOPMENT_ASSET_PATHS = "\"ManulManor/Preview Content\"";
				ENABLE_PREVIEWS = YES;
				GENERATE_INFOPLIST_FILE = YES;
				INFOPLIST_KEY_UIApplicationSceneManifest_Generation = YES;
				INFOPLIST_KEY_UIApplicationSupportsIndirectInputEvents = YES;
				INFOPLIST_KEY_UILaunchScreen_Generation = YES;
				INFOPLIST_KEY_UISupportedInterfaceOrientations_iPad = "UIInterfaceOrientationPortrait UIInterfaceOrientationPortraitUpsideDown UIInterfaceOrientationLandscapeLeft UIInterfaceOrientationLandscapeRight";
				INFOPLIST_KEY_UISupportedInterfaceOrientations_iPhone = "UIInterfaceOrientationPortrait UIInterfaceOrientationLandscapeLeft UIInterfaceOrientationLandscapeRight";
				LD_RUNPATH_SEARCH_PATHS = (
					"$(inherited)",
					"@executable_path/Frameworks",
				);
				MARKETING_VERSION = 1.0;
				PRODUCT_BUNDLE_IDENTIFIER = com.fuzzdotnet.manulmanor;
				PRODUCT_NAME = "$(TARGET_NAME)";
				SWIFT_EMIT_LOC_STRINGS = YES;
				SWIFT_VERSION = 5.0;
				TARGETED_DEVICE_FAMILY = "1,2";
			};
			name = Debug;
		};
		3A1234561234567800000604 /* Release */ = {
			isa = XCBuildConfiguration;
			buildSettings = {
				ASSETCATALOG_COMPILER_APPICON_NAME = AppIcon;
				ASSETCATALOG_COMPILER_GLOBAL_ACCENT_COLOR_NAME = AccentColor;
				CODE_SIGN_STYLE = Automatic;
				CURRENT_PROJECT_VERSION = 1;
				DEVELOPMENT_ASSET_PATHS = "\"ManulManor/Preview Content\"";
				ENABLE_PREVIEWS = YES;
				GENERATE_INFOPLIST_FILE = YES;
				INFOPLIST_KEY_UIApplicationSceneManifest_Generation = YES;
				INFOPLIST_KEY_UIApplicationSupportsIndirectInputEvents = YES;
				INFOPLIST_KEY_UILaunchScreen_Generation = YES;
				INFOPLIST_KEY_UISupportedInterfaceOrientations_iPad = "UIInterfaceOrientationPortrait UIInterfaceOrientationPortraitUpsideDown UIInterfaceOrientationLandscapeLeft UIInterfaceOrientationLandscapeRight";
				INFOPLIST_KEY_UISupportedInterfaceOrientations_iPhone = "UIInterfaceOrientationPortrait UIInterfaceOrientationLandscapeLeft UIInterfaceOrientationLandscapeRight";
				LD_RUNPATH_SEARCH_PATHS = (
					"$(inherited)",
					"@executable_path/Frameworks",
				);
				MARKETING_VERSION = 1.0;
				PRODUCT_BUNDLE_IDENTIFIER = com.fuzzdotnet.manulmanor;
				PRODUCT_NAME = "$(TARGET_NAME)";
				SWIFT_EMIT_LOC_STRINGS = YES;
				SWIFT_VERSION = 5.0;
				TARGETED_DEVICE_FAMILY = "1,2";
			};
			name = Release;
		};
/* End XCBuildConfiguration section */

/* Begin XCConfigurationList section */
		3A1234561234567800000302 /* Build configuration list for PBXNativeTarget "ManulManor" */ = {
			isa = XCConfigurationList;
			buildConfigurations = (
				3A1234561234567800000603 /* Debug */,
				3A1234561234567800000604 /* Release */,
			);
			defaultConfigurationIsVisible = 0;
			defaultConfigurationName = Release;
		};
		3A1234561234567800000402 /* Build configuration list for PBXProject "ManulManor" */ = {
			isa = XCConfigurationList;
			buildConfigurations = (
				3A1234561234567800000601 /* Debug */,
				3A1234561234567800000602 /* Release */,
			);
			defaultConfigurationIsVisible = 0;
			defaultConfigurationName = Release;
		};
/* End XCConfigurationList section */
	};
	rootObject = 3A1234561234567800000401 /* Project object */;
}
